
Microsoft Visual Studio Solution File, Format Version 12.00
# Visual Studio Version 17
VisualStudioVersion = 17.5.002.0
MinimumVisualStudioVersion = 10.0.40219.1
Project("{9A19103F-16F7-4668-BE54-9A1E7A4F7556}") = "task00_квадратЧисла", "task00_квадратЧисла\task00_квадратЧисла.csproj", "{47ACA026-59DA-498A-A927-9E3FEAF2A713}"
EndProject
Global
	GlobalSection(SolutionConfigurationPlatforms) = preSolution
		Debug|Any CPU = Debug|Any CPU
		Release|Any CPU = Release|Any CPU
	EndGlobalSection
	GlobalSection(ProjectConfigurationPlatforms) = postSolution
		{47ACA026-59DA-498A-A927-9E3FEAF2A713}.Debug|Any CPU.ActiveCfg = Debug|Any CPU
		{47ACA026-59DA-498A-A927-9E3FEAF2A713}.Debug|Any CPU.Build.0 = Debug|Any CPU
		{47ACA026-59DA-498A-A927-9E3FEAF2A713}.Release|Any CPU.ActiveCfg = Release|Any CPU
		{47ACA026-59DA-498A-A927-9E3FEAF2A713}.Release|Any CPU.Build.0 = Release|Any CPU
	EndGlobalSection
	GlobalSection(SolutionProperties) = preSolution
		HideSolutionNode = FALSE
	EndGlobalSection
	GlobalSection(ExtensibilityGlobals) = postSolution
		SolutionGuid = {DC0F25B4-9BF9-4718-8BB7-6A89C8645379}
	EndGlobalSection
EndGlobal
